{
  "name": "map-pg",
  "version": "0.0.21",
  "lockfileVersion": 1,
  "requires": true,
  "dependencies": {
    "ap": {
      "version": "https://registry.npmjs.org/ap/-/ap-0.2.0.tgz",
      "integrity": "sha1-rglCYAspkS8NKxTsYMRejzMLYRA="
    },
    "array-to": {
      "version": "0.0.3",
      "resolved": "https://registry.npmjs.org/array-to/-/array-to-0.0.3.tgz",
      "integrity": "sha512-MBWBD9W9gWocIbPWLxoSrkShMdmCwt7TQv4YrurCFXaupduCftF2wsTTRuYYrFPZZylnmGzvbWZYOWF+2A1QOA=="
    },
    "buffer-writer": {
      "version": "https://registry.npmjs.org/buffer-writer/-/buffer-writer-1.0.1.tgz",
      "integrity": "sha1-Iqk2kB4wKa/NdUfrRIfOtpejvwg="
    },
    "js-string-escape": {
      "version": "https://registry.npmjs.org/js-string-escape/-/js-string-escape-1.0.1.tgz",
      "integrity": "sha1-4mJbrbwNZ8dTPp7cEGjFh65BN+8="
    },
    "object-format": {
      "version": "https://registry.npmjs.org/object-format/-/object-format-0.0.4.tgz",
      "integrity": "sha1-IxL67JdEsYAbQX7LkjQrETtTqok="
    },
    "object-pull": {
      "version": "https://registry.npmjs.org/object-pull/-/object-pull-0.0.4.tgz",
      "integrity": "sha1-UGlktZkyqW8wReo3PPuTR3Mavr0="
    },
    "object-pullvalues": {
      "version": "https://registry.npmjs.org/object-pullvalues/-/object-pullvalues-0.0.2.tgz",
      "integrity": "sha1-YTvApm5TSlz4mLHXeek/9g55oLg="
    },
    "object-to": {
      "version": "0.0.4",
      "resolved": "https://registry.npmjs.org/object-to/-/object-to-0.0.4.tgz",
      "integrity": "sha512-MQBPZNkw6HBvVDRa58kXYegCFp1Xbnmd5u5XiZOuj8nA58bxk/WKDsih4jvAe98DauI4u7xOUPV5CFsAlVlPIA==",
      "requires": {
        "array-to": "0.0.3"
      }
    },
    "packet-reader": {
      "version": "https://registry.npmjs.org/packet-reader/-/packet-reader-0.3.1.tgz",
      "integrity": "sha1-zWLmCvjX/qinBexP+ZCHHEaHHyc="
    },
    "pg": {
      "version": "https://registry.npmjs.org/pg/-/pg-7.1.2.tgz",
      "integrity": "sha1-Xc4g8+1oBlFETcMRBh1xnMkgw9g=",
      "requires": {
        "buffer-writer": "https://registry.npmjs.org/buffer-writer/-/buffer-writer-1.0.1.tgz",
        "js-string-escape": "https://registry.npmjs.org/js-string-escape/-/js-string-escape-1.0.1.tgz",
        "packet-reader": "https://registry.npmjs.org/packet-reader/-/packet-reader-0.3.1.tgz",
        "pg-connection-string": "0.1.3",
        "pg-pool": "https://registry.npmjs.org/pg-pool/-/pg-pool-2.0.3.tgz",
        "pg-types": "https://registry.npmjs.org/pg-types/-/pg-types-1.12.0.tgz",
        "pgpass": "https://registry.npmjs.org/pgpass/-/pgpass-1.0.2.tgz",
        "semver": "https://registry.npmjs.org/semver/-/semver-4.3.2.tgz"
      }
    },
    "pg-connection-string": {
      "version": "0.1.3",
      "resolved": "https://registry.npmjs.org/pg-connection-string/-/pg-connection-string-0.1.3.tgz",
      "integrity": "sha1-2hhHsglA5C7hSSvq9l1J2RskXfc="
    },
    "pg-pool": {
      "version": "https://registry.npmjs.org/pg-pool/-/pg-pool-2.0.3.tgz",
      "integrity": "sha1-wCIDLIlJ8xKk+R+2QJzgQHa+Mlc="
    },
    "pg-types": {
      "version": "https://registry.npmjs.org/pg-types/-/pg-types-1.12.0.tgz",
      "integrity": "sha1-itO3uJfj/UY+Yt4kGtX8ZAtKZvA=",
      "requires": {
        "ap": "https://registry.npmjs.org/ap/-/ap-0.2.0.tgz",
        "postgres-array": "https://registry.npmjs.org/postgres-array/-/postgres-array-1.0.2.tgz",
        "postgres-bytea": "https://registry.npmjs.org/postgres-bytea/-/postgres-bytea-1.0.0.tgz",
        "postgres-date": "https://registry.npmjs.org/postgres-date/-/postgres-date-1.0.3.tgz",
        "postgres-interval": "https://registry.npmjs.org/postgres-interval/-/postgres-interval-1.1.1.tgz"
      }
    },
    "pgpass": {
      "version": "https://registry.npmjs.org/pgpass/-/pgpass-1.0.2.tgz",
      "integrity": "sha1-Knu0G2BltnkH6R2hsHwYR8h3swY=",
      "requires": {
        "split": "https://registry.npmjs.org/split/-/split-1.0.1.tgz"
      }
    },
    "postgres-array": {
      "version": "https://registry.npmjs.org/postgres-array/-/postgres-array-1.0.2.tgz",
      "integrity": "sha1-jgsy6wO/d6XAp4UeBEHBaaJWojg="
    },
    "postgres-bytea": {
      "version": "https://registry.npmjs.org/postgres-bytea/-/postgres-bytea-1.0.0.tgz",
      "integrity": "sha1-AntTPAqokOJtFy1Hz5zOzFIazTU="
    },
    "postgres-date": {
      "version": "https://registry.npmjs.org/postgres-date/-/postgres-date-1.0.3.tgz",
      "integrity": "sha1-4tiXAu/bJY/52c7g/pG9BpdSV6g="
    },
    "postgres-interval": {
      "version": "https://registry.npmjs.org/postgres-interval/-/postgres-interval-1.1.1.tgz",
      "integrity": "sha1-rNsPiXtLHG5JbZ1OCoU+HEKPBvA=",
      "requires": {
        "xtend": "https://registry.npmjs.org/xtend/-/xtend-4.0.1.tgz"
      }
    },
    "semver": {
      "version": "https://registry.npmjs.org/semver/-/semver-4.3.2.tgz",
      "integrity": "sha1-x6BxWKgL7dBSNVt3DYLWZA+AO+c="
    },
    "split": {
      "version": "https://registry.npmjs.org/split/-/split-1.0.1.tgz",
      "integrity": "sha1-YFvZvjA6pZ+zX5Ip++oN3snqB9k=",
      "requires": {
        "through": "https://registry.npmjs.org/through/-/through-2.3.8.tgz"
      }
    },
    "through": {
      "version": "https://registry.npmjs.org/through/-/through-2.3.8.tgz",
      "integrity": "sha1-DdTJ/6q8NXlgsbckEV1+Doai4fU="
    },
    "xtend": {
      "version": "https://registry.npmjs.org/xtend/-/xtend-4.0.1.tgz",
      "integrity": "sha1-pcbVMr5lbiPbgg77lDofBJmNY68="
    }
  }
}
